
Microsoft Visual Studio Solution File, Format Version 12.00
# Visual Studio Version 17
VisualStudioVersion = 17.5.33516.290
MinimumVisualStudioVersion = 10.0.40219.1
Project("{FAE04EC0-301F-11D3-BF4B-00C04F79EFBC}") = "ConsoleApp3", "ConsoleApp3\ConsoleApp3.csproj", "{B8F3A326-369C-4DAF-9A1C-705A02F8CF5B}"
EndProject
Global
	GlobalSection(SolutionConfigurationPlatforms) = preSolution
		Debug|Any CPU = Debug|Any CPU
		Release|Any CPU = Release|Any CPU
	EndGlobalSection
	GlobalSection(ProjectConfigurationPlatforms) = postSolution
		{B8F3A326-369C-4DAF-9A1C-705A02F8CF5B}.Debug|Any CPU.ActiveCfg = Debug|Any CPU
		{B8F3A326-369C-4DAF-9A1C-705A02F8CF5B}.Debug|Any CPU.Build.0 = Debug|Any CPU
		{B8F3A326-369C-4DAF-9A1C-705A02F8CF5B}.Release|Any CPU.ActiveCfg = Release|Any CPU
		{B8F3A326-369C-4DAF-9A1C-705A02F8CF5B}.Release|Any CPU.Build.0 = Release|Any CPU
	EndGlobalSection
	GlobalSection(SolutionProperties) = preSolution
		HideSolutionNode = FALSE
	EndGlobalSection
	GlobalSection(ExtensibilityGlobals) = postSolution
		SolutionGuid = {A306D47E-9152-48A3-9DE9-2172E76AE58D}
	EndGlobalSection
EndGlobal
